// !$*UTF8*$!
{
	archiveVersion = 1;
	classes = {
	};
	objectVersion = 54;
	objects = {

/* Begin PBXBuildFile section */
		00E356F31AD99517003FC87E /* RatingTests.m in Sources */ = {isa = PBXBuildFile; fileRef = 00E356F21AD99517003FC87E /* RatingTests.m */; };
		0C80B921A6F3F58F76C31292 /* libPods-Rating.a in Frameworks */ = {isa = PBXBuildFile; fileRef = 5DCACB8F33CDC322A6C60F78 /* libPods-Rating.a */; };
		13B07FBC1A68108700A75B9A /* AppDelegate.mm in Sources */ = {isa = PBXBuildFile; fileRef = 13B07FB01A68108700A75B9A /* AppDelegate.mm */; };
		13B07FBF1A68108700A75B9A /* Images.xcassets in Resources */ = {isa = PBXBuildFile; fileRef = 13B07FB51A68108700A75B9A /* Images.xcassets */; };
		13B07FC11A68108700A75B9A /* main.m in Sources */ = {isa = PBXBuildFile; fileRef = 13B07FB71A68108700A75B9A /* main.m */; };
		7699B88040F8A987B510C191 /* libPods-Rating-RatingTests.a in Frameworks */ = {isa = PBXBuildFile; fileRef = 19F6CBCC0A4E27FBF8BF4A61 /* libPods-Rating-RatingTests.a */; };
		81AB9BB82411601600AC10FF /* LaunchScreen.storyboard in Resources */ = {isa = PBXBuildFile; fileRef = 81AB9BB72411601600AC10FF /* LaunchScreen.storyboard */; };
		5F5907BCF4814D95A249366C /* ProductSans-Bold.ttf in Resources */ = {isa = PBXBuildFile; fileRef = 3258397B142E428EBF9BBD8E /* ProductSans-Bold.ttf */; };
		0C4A311143B64249B5705D13 /* ProductSans-BoldItalic.ttf in Resources */ = {isa = PBXBuildFile; fileRef = A2B6C84F12954A379D5A0CD7 /* ProductSans-BoldItalic.ttf */; };
		DD9A46E4908942C1855E69FD /* ProductSans-Italic.ttf in Resources */ = {isa = PBXBuildFile; fileRef = FDDD12E9B870487A9A110FB2 /* ProductSans-Italic.ttf */; };
		D7D56DB389114C27B59D2D73 /* ProductSans-Regular.ttf in Resources */ = {isa = PBXBuildFile; fileRef = FCD065C7C66D43979CCE44F7 /* ProductSans-Regular.ttf */; };
		431B8DC14BE5407A991FE6DA /* Roboto-Bold.ttf in Resources */ = {isa = PBXBuildFile; fileRef = 38E6A4F7B5E94803BA1582F2 /* Roboto-Bold.ttf */; };
		EF8E8AF13B5F4AF69C33AB89 /* Roboto-BoldItalic.ttf in Resources */ = {isa = PBXBuildFile; fileRef = 6D3D9150BF434E53868954AF /* Roboto-BoldItalic.ttf */; };
		89BEF794659248439125EA0B /* Roboto-Italic.ttf in Resources */ = {isa = PBXBuildFile; fileRef = 14E1DB91CB274C5FBE39181A /* Roboto-Italic.ttf */; };
		C9EC5257DF864313ABC88F63 /* Roboto-Light.ttf in Resources */ = {isa = PBXBuildFile; fileRef = 07832165F1E54B4C921A03F7 /* Roboto-Light.ttf */; };
		7973B8ACAF1E4544BE9B4CD9 /* Roboto-Medium.ttf in Resources */ = {isa = PBXBuildFile; fileRef = CE86FD18B1BB4730BA4ECA0B /* Roboto-Medium.ttf */; };
		7F8FF47A0B244DCD8E1DFF31 /* Roboto-MediumItalic.ttf in Resources */ = {isa = PBXBuildFile; fileRef = 37A82730956D4E248229FFB0 /* Roboto-MediumItalic.ttf */; };
		5E451B74BE9D40E69AE9D64E /* Roboto-Regular.ttf in Resources */ = {isa = PBXBuildFile; fileRef = A21E20C5DD0D43B78CBFD2CB /* Roboto-Regular.ttf */; };
		13D18BAFBE9840CCA1BA4CA3 /* Roboto-Thin.ttf in Resources */ = {isa = PBXBuildFile; fileRef = 8D6239DF84524EA18DAB357B /* Roboto-Thin.ttf */; };
		564DBF0FE00A4E019113A0A5 /* Roboto-ThinItalic.ttf in Resources */ = {isa = PBXBuildFile; fileRef = 7C929EBF0FED426487BB9AD1 /* Roboto-ThinItalic.ttf */; };
		C2128373E81648D3A1DFF19B /* SFProDisplay-Black.otf in Resources */ = {isa = PBXBuildFile; fileRef = 2ED1A04AFBA844E28F4934DF /* SFProDisplay-Black.otf */; };
		CB946E9227FE4D8B954B5136 /* SFProDisplay-BoldItalic.otf in Resources */ = {isa = PBXBuildFile; fileRef = 91D6F5B839D641F5BFDA1AE0 /* SFProDisplay-BoldItalic.otf */; };
		850BC5689B29406FBB9545B1 /* SFProDisplay-Heavy.otf in Resources */ = {isa = PBXBuildFile; fileRef = 529C7C4BA2D74E88AF27B5FD /* SFProDisplay-Heavy.otf */; };
		3E3908FDBAC74F5E9A9BC558 /* SFProDisplay-HeavyItalic.otf in Resources */ = {isa = PBXBuildFile; fileRef = 204EB02574F5400B8C811C50 /* SFProDisplay-HeavyItalic.otf */; };
		6C6CACF1FF424D06AA0FA510 /* SFProDisplay-Light.otf in Resources */ = {isa = PBXBuildFile; fileRef = AB9CDB3B613D4BEB97E1BF2A /* SFProDisplay-Light.otf */; };
		018D19130C80413DA1A887C2 /* SFProDisplay-LightItalic.otf in Resources */ = {isa = PBXBuildFile; fileRef = D45DC55DA6C84B17A6568D82 /* SFProDisplay-LightItalic.otf */; };
		63CC6C1C25AD4A7183F754D8 /* SFProDisplay-Medium.otf in Resources */ = {isa = PBXBuildFile; fileRef = 00D45421F09249E1906EBBA1 /* SFProDisplay-Medium.otf */; };
		F5BF5FD8DEF6424BB5A631CB /* SFProDisplay-MediumItalic.otf in Resources */ = {isa = PBXBuildFile; fileRef = A60BFA83B31B494EBFF1A367 /* SFProDisplay-MediumItalic.otf */; };
		352DF7D9C28841C68292E7D1 /* SFProDisplay-Regular.otf in Resources */ = {isa = PBXBuildFile; fileRef = B61725A799374910947B8986 /* SFProDisplay-Regular.otf */; };
		1DD7A16E08EF45B8B62FAFDE /* SFProDisplay-RegularItalic.otf in Resources */ = {isa = PBXBuildFile; fileRef = A4236F0F470248DE8D1EC2A1 /* SFProDisplay-RegularItalic.otf */; };
		20B9AFB6D6304E849BCE1790 /* SFProDisplay-Semibold.otf in Resources */ = {isa = PBXBuildFile; fileRef = D7A14DE44E894F779C1C4B48 /* SFProDisplay-Semibold.otf */; };
		093A76368C8E449CAC8C1D3A /* SFProDisplay-SemiboldItalic.otf in Resources */ = {isa = PBXBuildFile; fileRef = 319B0B1456AD4E1682C25BB9 /* SFProDisplay-SemiboldItalic.otf */; };
		B47113EA13D64F8CA07C2416 /* SFProDisplay-Thin.otf in Resources */ = {isa = PBXBuildFile; fileRef = 9E0319C18F06438CAD5D1E1D /* SFProDisplay-Thin.otf */; };
		12FB5CAB293748ECA2FCEE9A /* AntDesign.ttf in Resources */ = {isa = PBXBuildFile; fileRef = 3917AA64FCB14637BD8BAF3B /* AntDesign.ttf */; };
		F8C63E9869AB4BC0BB604A96 /* Entypo.ttf in Resources */ = {isa = PBXBuildFile; fileRef = 2DC07B18FB4B49AD920AF8F7 /* Entypo.ttf */; };
		D60E14601C9D46368E713ABA /* EvilIcons.ttf in Resources */ = {isa = PBXBuildFile; fileRef = 94C4D0F2EE6B450A993D91C2 /* EvilIcons.ttf */; };
		4E0C48FAF81F439DAE96305B /* Feather.ttf in Resources */ = {isa = PBXBuildFile; fileRef = 7A91DC11695041648F2DADB7 /* Feather.ttf */; };
		56D75EAC849F448DB8B316C0 /* FontAwesome.ttf in Resources */ = {isa = PBXBuildFile; fileRef = 09D994BC0523410BA7B2A2FF /* FontAwesome.ttf */; };
		6B0AB18CB9D542658A7A4C4D /* FontAwesome5_Brands.ttf in Resources */ = {isa = PBXBuildFile; fileRef = CAE8C6F908D34C759A83145E /* FontAwesome5_Brands.ttf */; };
		33092E8FF5C24F8C95BD5CFF /* FontAwesome5_Regular.ttf in Resources */ = {isa = PBXBuildFile; fileRef = 51EB515199BF4E77837B51A8 /* FontAwesome5_Regular.ttf */; };
		44896B452691459D8F2643EC /* FontAwesome5_Solid.ttf in Resources */ = {isa = PBXBuildFile; fileRef = 51964C1E261E48E488868694 /* FontAwesome5_Solid.ttf */; };
		D3F3644FE6CA426C96878EEF /* Fontisto.ttf in Resources */ = {isa = PBXBuildFile; fileRef = CC99B1816D0B42F6B9A920B5 /* Fontisto.ttf */; };
		03746E6701414927871BD48D /* Foundation.ttf in Resources */ = {isa = PBXBuildFile; fileRef = BB9A585D8B9E4566BA86554F /* Foundation.ttf */; };
		44132641DB354BE3B04A2136 /* Ionicons.ttf in Resources */ = {isa = PBXBuildFile; fileRef = 79D4AB57B6D54EAF9B8F02B5 /* Ionicons.ttf */; };
		F4509D09EF794BF4A8A682DC /* MaterialCommunityIcons.ttf in Resources */ = {isa = PBXBuildFile; fileRef = 6582225EF6D54F6E9A43F2E3 /* MaterialCommunityIcons.ttf */; };
		72E00575B8574DB4B30A2559 /* MaterialIcons.ttf in Resources */ = {isa = PBXBuildFile; fileRef = BFEA7E31F1F146D281AA5239 /* MaterialIcons.ttf */; };
		C4D1ADDC0FC04DC8A5900F49 /* Octicons.ttf in Resources */ = {isa = PBXBuildFile; fileRef = 7568F44C9BDE47A3A27F3342 /* Octicons.ttf */; };
		6E93E4C96BC94481907B252F /* SimpleLineIcons.ttf in Resources */ = {isa = PBXBuildFile; fileRef = 0AABFDF0967B4711A7903C92 /* SimpleLineIcons.ttf */; };
		CADC68B2327240F7B41A62C3 /* Zocial.ttf in Resources */ = {isa = PBXBuildFile; fileRef = ABFADA80589C47658AFFB405 /* Zocial.ttf */; };
/* End PBXBuildFile section */

/* Begin PBXContainerItemProxy section */
		00E356F41AD99517003FC87E /* PBXContainerItemProxy */ = {
			isa = PBXContainerItemProxy;
			containerPortal = 83CBB9F71A601CBA00E9B192 /* Project object */;
			proxyType = 1;
			remoteGlobalIDString = 13B07F861A680F5B00A75B9A;
			remoteInfo = Rating;
		};
/* End PBXContainerItemProxy section */

/* Begin PBXFileReference section */
		00E356EE1AD99517003FC87E /* RatingTests.xctest */ = {isa = PBXFileReference; explicitFileType = wrapper.cfbundle; includeInIndex = 0; path = RatingTests.xctest; sourceTree = BUILT_PRODUCTS_DIR; };
		00E356F11AD99517003FC87E /* Info.plist */ = {isa = PBXFileReference; lastKnownFileType = text.plist.xml; path = Info.plist; sourceTree = "<group>"; };
		00E356F21AD99517003FC87E /* RatingTests.m */ = {isa = PBXFileReference; lastKnownFileType = sourcecode.c.objc; path = RatingTests.m; sourceTree = "<group>"; };
		13B07F961A680F5B00A75B9A /* Rating.app */ = {isa = PBXFileReference; explicitFileType = wrapper.application; includeInIndex = 0; path = Rating.app; sourceTree = BUILT_PRODUCTS_DIR; };
		13B07FAF1A68108700A75B9A /* AppDelegate.h */ = {isa = PBXFileReference; fileEncoding = 4; lastKnownFileType = sourcecode.c.h; name = AppDelegate.h; path = Rating/AppDelegate.h; sourceTree = "<group>"; };
		13B07FB01A68108700A75B9A /* AppDelegate.mm */ = {isa = PBXFileReference; fileEncoding = 4; lastKnownFileType = sourcecode.cpp.objcpp; name = AppDelegate.mm; path = Rating/AppDelegate.mm; sourceTree = "<group>"; };
		13B07FB51A68108700A75B9A /* Images.xcassets */ = {isa = PBXFileReference; lastKnownFileType = folder.assetcatalog; name = Images.xcassets; path = Rating/Images.xcassets; sourceTree = "<group>"; };
		13B07FB61A68108700A75B9A /* Info.plist */ = {isa = PBXFileReference; fileEncoding = 4; lastKnownFileType = text.plist.xml; name = Info.plist; path = Rating/Info.plist; sourceTree = "<group>"; };
		13B07FB71A68108700A75B9A /* main.m */ = {isa = PBXFileReference; fileEncoding = 4; lastKnownFileType = sourcecode.c.objc; name = main.m; path = Rating/main.m; sourceTree = "<group>"; };
		19F6CBCC0A4E27FBF8BF4A61 /* libPods-Rating-RatingTests.a */ = {isa = PBXFileReference; explicitFileType = archive.ar; includeInIndex = 0; path = "libPods-Rating-RatingTests.a"; sourceTree = BUILT_PRODUCTS_DIR; };
		3B4392A12AC88292D35C810B /* Pods-Rating.debug.xcconfig */ = {isa = PBXFileReference; includeInIndex = 1; lastKnownFileType = text.xcconfig; name = "Pods-Rating.debug.xcconfig"; path = "Target Support Files/Pods-Rating/Pods-Rating.debug.xcconfig"; sourceTree = "<group>"; };
		5709B34CF0A7D63546082F79 /* Pods-Rating.release.xcconfig */ = {isa = PBXFileReference; includeInIndex = 1; lastKnownFileType = text.xcconfig; name = "Pods-Rating.release.xcconfig"; path = "Target Support Files/Pods-Rating/Pods-Rating.release.xcconfig"; sourceTree = "<group>"; };
		5B7EB9410499542E8C5724F5 /* Pods-Rating-RatingTests.debug.xcconfig */ = {isa = PBXFileReference; includeInIndex = 1; lastKnownFileType = text.xcconfig; name = "Pods-Rating-RatingTests.debug.xcconfig"; path = "Target Support Files/Pods-Rating-RatingTests/Pods-Rating-RatingTests.debug.xcconfig"; sourceTree = "<group>"; };
		5DCACB8F33CDC322A6C60F78 /* libPods-Rating.a */ = {isa = PBXFileReference; explicitFileType = archive.ar; includeInIndex = 0; path = "libPods-Rating.a"; sourceTree = BUILT_PRODUCTS_DIR; };
		81AB9BB72411601600AC10FF /* LaunchScreen.storyboard */ = {isa = PBXFileReference; fileEncoding = 4; lastKnownFileType = file.storyboard; name = LaunchScreen.storyboard; path = Rating/LaunchScreen.storyboard; sourceTree = "<group>"; };
		89C6BE57DB24E9ADA2F236DE /* Pods-Rating-RatingTests.release.xcconfig */ = {isa = PBXFileReference; includeInIndex = 1; lastKnownFileType = text.xcconfig; name = "Pods-Rating-RatingTests.release.xcconfig"; path = "Target Support Files/Pods-Rating-RatingTests/Pods-Rating-RatingTests.release.xcconfig"; sourceTree = "<group>"; };
		ED297162215061F000B7C4FE /* JavaScriptCore.framework */ = {isa = PBXFileReference; lastKnownFileType = wrapper.framework; name = JavaScriptCore.framework; path = System/Library/Frameworks/JavaScriptCore.framework; sourceTree = SDKROOT; };
		3258397B142E428EBF9BBD8E /* ProductSans-Bold.ttf */ = {isa = PBXFileReference; name = "ProductSans-Bold.ttf"; path = "../resources/assets/fonts/ProductSans-Bold.ttf"; sourceTree = "<group>"; fileEncoding = undefined; lastKnownFileType = unknown; explicitFileType = undefined; includeInIndex = 0; };
		A2B6C84F12954A379D5A0CD7 /* ProductSans-BoldItalic.ttf */ = {isa = PBXFileReference; name = "ProductSans-BoldItalic.ttf"; path = "../resources/assets/fonts/ProductSans-BoldItalic.ttf"; sourceTree = "<group>"; fileEncoding = undefined; lastKnownFileType = unknown; explicitFileType = undefined; includeInIndex = 0; };
		FDDD12E9B870487A9A110FB2 /* ProductSans-Italic.ttf */ = {isa = PBXFileReference; name = "ProductSans-Italic.ttf"; path = "../resources/assets/fonts/ProductSans-Italic.ttf"; sourceTree = "<group>"; fileEncoding = undefined; lastKnownFileType = unknown; explicitFileType = undefined; includeInIndex = 0; };
		FCD065C7C66D43979CCE44F7 /* ProductSans-Regular.ttf */ = {isa = PBXFileReference; name = "ProductSans-Regular.ttf"; path = "../resources/assets/fonts/ProductSans-Regular.ttf"; sourceTree = "<group>"; fileEncoding = undefined; lastKnownFileType = unknown; explicitFileType = undefined; includeInIndex = 0; };
		38E6A4F7B5E94803BA1582F2 /* Roboto-Bold.ttf */ = {isa = PBXFileReference; name = "Roboto-Bold.ttf"; path = "../resources/assets/fonts/Roboto-Bold.ttf"; sourceTree = "<group>"; fileEncoding = undefined; lastKnownFileType = unknown; explicitFileType = undefined; includeInIndex = 0; };
		6D3D9150BF434E53868954AF /* Roboto-BoldItalic.ttf */ = {isa = PBXFileReference; name = "Roboto-BoldItalic.ttf"; path = "../resources/assets/fonts/Roboto-BoldItalic.ttf"; sourceTree = "<group>"; fileEncoding = undefined; lastKnownFileType = unknown; explicitFileType = undefined; includeInIndex = 0; };
		14E1DB91CB274C5FBE39181A /* Roboto-Italic.ttf */ = {isa = PBXFileReference; name = "Roboto-Italic.ttf"; path = "../resources/assets/fonts/Roboto-Italic.ttf"; sourceTree = "<group>"; fileEncoding = undefined; lastKnownFileType = unknown; explicitFileType = undefined; includeInIndex = 0; };
		07832165F1E54B4C921A03F7 /* Roboto-Light.ttf */ = {isa = PBXFileReference; name = "Roboto-Light.ttf"; path = "../resources/assets/fonts/Roboto-Light.ttf"; sourceTree = "<group>"; fileEncoding = undefined; lastKnownFileType = unknown; explicitFileType = undefined; includeInIndex = 0; };
		CE86FD18B1BB4730BA4ECA0B /* Roboto-Medium.ttf */ = {isa = PBXFileReference; name = "Roboto-Medium.ttf"; path = "../resources/assets/fonts/Roboto-Medium.ttf"; sourceTree = "<group>"; fileEncoding = undefined; lastKnownFileType = unknown; explicitFileType = undefined; includeInIndex = 0; };
		37A82730956D4E248229FFB0 /* Roboto-MediumItalic.ttf */ = {isa = PBXFileReference; name = "Roboto-MediumItalic.ttf"; path = "../resources/assets/fonts/Roboto-MediumItalic.ttf"; sourceTree = "<group>"; fileEncoding = undefined; lastKnownFileType = unknown; explicitFileType = undefined; includeInIndex = 0; };
		A21E20C5DD0D43B78CBFD2CB /* Roboto-Regular.ttf */ = {isa = PBXFileReference; name = "Roboto-Regular.ttf"; path = "../resources/assets/fonts/Roboto-Regular.ttf"; sourceTree = "<group>"; fileEncoding = undefined; lastKnownFileType = unknown; explicitFileType = undefined; includeInIndex = 0; };
		8D6239DF84524EA18DAB357B /* Roboto-Thin.ttf */ = {isa = PBXFileReference; name = "Roboto-Thin.ttf"; path = "../resources/assets/fonts/Roboto-Thin.ttf"; sourceTree = "<group>"; fileEncoding = undefined; lastKnownFileType = unknown; explicitFileType = undefined; includeInIndex = 0; };
		7C929EBF0FED426487BB9AD1 /* Roboto-ThinItalic.ttf */ = {isa = PBXFileReference; name = "Roboto-ThinItalic.ttf"; path = "../resources/assets/fonts/Roboto-ThinItalic.ttf"; sourceTree = "<group>"; fileEncoding = undefined; lastKnownFileType = unknown; explicitFileType = undefined; includeInIndex = 0; };
		2ED1A04AFBA844E28F4934DF /* SFProDisplay-Black.otf */ = {isa = PBXFileReference; name = "SFProDisplay-Black.otf"; path = "../resources/assets/fonts/SFProDisplay-Black.otf"; sourceTree = "<group>"; fileEncoding = undefined; lastKnownFileType = unknown; explicitFileType = undefined; includeInIndex = 0; };
		91D6F5B839D641F5BFDA1AE0 /* SFProDisplay-BoldItalic.otf */ = {isa = PBXFileReference; name = "SFProDisplay-BoldItalic.otf"; path = "../resources/assets/fonts/SFProDisplay-BoldItalic.otf"; sourceTree = "<group>"; fileEncoding = undefined; lastKnownFileType = unknown; explicitFileType = undefined; includeInIndex = 0; };
		529C7C4BA2D74E88AF27B5FD /* SFProDisplay-Heavy.otf */ = {isa = PBXFileReference; name = "SFProDisplay-Heavy.otf"; path = "../resources/assets/fonts/SFProDisplay-Heavy.otf"; sourceTree = "<group>"; fileEncoding = undefined; lastKnownFileType = unknown; explicitFileType = undefined; includeInIndex = 0; };
		204EB02574F5400B8C811C50 /* SFProDisplay-HeavyItalic.otf */ = {isa = PBXFileReference; name = "SFProDisplay-HeavyItalic.otf"; path = "../resources/assets/fonts/SFProDisplay-HeavyItalic.otf"; sourceTree = "<group>"; fileEncoding = undefined; lastKnownFileType = unknown; explicitFileType = undefined; includeInIndex = 0; };
		AB9CDB3B613D4BEB97E1BF2A /* SFProDisplay-Light.otf */ = {isa = PBXFileReference; name = "SFProDisplay-Light.otf"; path = "../resources/assets/fonts/SFProDisplay-Light.otf"; sourceTree = "<group>"; fileEncoding = undefined; lastKnownFileType = unknown; explicitFileType = undefined; includeInIndex = 0; };
		D45DC55DA6C84B17A6568D82 /* SFProDisplay-LightItalic.otf */ = {isa = PBXFileReference; name = "SFProDisplay-LightItalic.otf"; path = "../resources/assets/fonts/SFProDisplay-LightItalic.otf"; sourceTree = "<group>"; fileEncoding = undefined; lastKnownFileType = unknown; explicitFileType = undefined; includeInIndex = 0; };
		00D45421F09249E1906EBBA1 /* SFProDisplay-Medium.otf */ = {isa = PBXFileReference; name = "SFProDisplay-Medium.otf"; path = "../resources/assets/fonts/SFProDisplay-Medium.otf"; sourceTree = "<group>"; fileEncoding = undefined; lastKnownFileType = unknown; explicitFileType = undefined; includeInIndex = 0; };
		A60BFA83B31B494EBFF1A367 /* SFProDisplay-MediumItalic.otf */ = {isa = PBXFileReference; name = "SFProDisplay-MediumItalic.otf"; path = "../resources/assets/fonts/SFProDisplay-MediumItalic.otf"; sourceTree = "<group>"; fileEncoding = undefined; lastKnownFileType = unknown; explicitFileType = undefined; includeInIndex = 0; };
		B61725A799374910947B8986 /* SFProDisplay-Regular.otf */ = {isa = PBXFileReference; name = "SFProDisplay-Regular.otf"; path = "../resources/assets/fonts/SFProDisplay-Regular.otf"; sourceTree = "<group>"; fileEncoding = undefined; lastKnownFileType = unknown; explicitFileType = undefined; includeInIndex = 0; };
		A4236F0F470248DE8D1EC2A1 /* SFProDisplay-RegularItalic.otf */ = {isa = PBXFileReference; name = "SFProDisplay-RegularItalic.otf"; path = "../resources/assets/fonts/SFProDisplay-RegularItalic.otf"; sourceTree = "<group>"; fileEncoding = undefined; lastKnownFileType = unknown; explicitFileType = undefined; includeInIndex = 0; };
		D7A14DE44E894F779C1C4B48 /* SFProDisplay-Semibold.otf */ = {isa = PBXFileReference; name = "SFProDisplay-Semibold.otf"; path = "../resources/assets/fonts/SFProDisplay-Semibold.otf"; sourceTree = "<group>"; fileEncoding = undefined; lastKnownFileType = unknown; explicitFileType = undefined; includeInIndex = 0; };
		319B0B1456AD4E1682C25BB9 /* SFProDisplay-SemiboldItalic.otf */ = {isa = PBXFileReference; name = "SFProDisplay-SemiboldItalic.otf"; path = "../resources/assets/fonts/SFProDisplay-SemiboldItalic.otf"; sourceTree = "<group>"; fileEncoding = undefined; lastKnownFileType = unknown; explicitFileType = undefined; includeInIndex = 0; };
		9E0319C18F06438CAD5D1E1D /* SFProDisplay-Thin.otf */ = {isa = PBXFileReference; name = "SFProDisplay-Thin.otf"; path = "../resources/assets/fonts/SFProDisplay-Thin.otf"; sourceTree = "<group>"; fileEncoding = undefined; lastKnownFileType = unknown; explicitFileType = undefined; includeInIndex = 0; };
		3917AA64FCB14637BD8BAF3B /* AntDesign.ttf */ = {isa = PBXFileReference; name = "AntDesign.ttf"; path = "../node_modules/react-native-vector-icons/Fonts/AntDesign.ttf"; sourceTree = "<group>"; fileEncoding = undefined; lastKnownFileType = unknown; explicitFileType = undefined; includeInIndex = 0; };
		2DC07B18FB4B49AD920AF8F7 /* Entypo.ttf */ = {isa = PBXFileReference; name = "Entypo.ttf"; path = "../node_modules/react-native-vector-icons/Fonts/Entypo.ttf"; sourceTree = "<group>"; fileEncoding = undefined; lastKnownFileType = unknown; explicitFileType = undefined; includeInIndex = 0; };
		94C4D0F2EE6B450A993D91C2 /* EvilIcons.ttf */ = {isa = PBXFileReference; name = "EvilIcons.ttf"; path = "../node_modules/react-native-vector-icons/Fonts/EvilIcons.ttf"; sourceTree = "<group>"; fileEncoding = undefined; lastKnownFileType = unknown; explicitFileType = undefined; includeInIndex = 0; };
		7A91DC11695041648F2DADB7 /* Feather.ttf */ = {isa = PBXFileReference; name = "Feather.ttf"; path = "../node_modules/react-native-vector-icons/Fonts/Feather.ttf"; sourceTree = "<group>"; fileEncoding = undefined; lastKnownFileType = unknown; explicitFileType = undefined; includeInIndex = 0; };
		09D994BC0523410BA7B2A2FF /* FontAwesome.ttf */ = {isa = PBXFileReference; name = "FontAwesome.ttf"; path = "../node_modules/react-native-vector-icons/Fonts/FontAwesome.ttf"; sourceTree = "<group>"; fileEncoding = undefined; lastKnownFileType = unknown; explicitFileType = undefined; includeInIndex = 0; };
		CAE8C6F908D34C759A83145E /* FontAwesome5_Brands.ttf */ = {isa = PBXFileReference; name = "FontAwesome5_Brands.ttf"; path = "../node_modules/react-native-vector-icons/Fonts/FontAwesome5_Brands.ttf"; sourceTree = "<group>"; fileEncoding = undefined; lastKnownFileType = unknown; explicitFileType = undefined; includeInIndex = 0; };
		51EB515199BF4E77837B51A8 /* FontAwesome5_Regular.ttf */ = {isa = PBXFileReference; name = "FontAwesome5_Regular.ttf"; path = "../node_modules/react-native-vector-icons/Fonts/FontAwesome5_Regular.ttf"; sourceTree = "<group>"; fileEncoding = undefined; lastKnownFileType = unknown; explicitFileType = undefined; includeInIndex = 0; };
		51964C1E261E48E488868694 /* FontAwesome5_Solid.ttf */ = {isa = PBXFileReference; name = "FontAwesome5_Solid.ttf"; path = "../node_modules/react-native-vector-icons/Fonts/FontAwesome5_Solid.ttf"; sourceTree = "<group>"; fileEncoding = undefined; lastKnownFileType = unknown; explicitFileType = undefined; includeInIndex = 0; };
		CC99B1816D0B42F6B9A920B5 /* Fontisto.ttf */ = {isa = PBXFileReference; name = "Fontisto.ttf"; path = "../node_modules/react-native-vector-icons/Fonts/Fontisto.ttf"; sourceTree = "<group>"; fileEncoding = undefined; lastKnownFileType = unknown; explicitFileType = undefined; includeInIndex = 0; };
		BB9A585D8B9E4566BA86554F /* Foundation.ttf */ = {isa = PBXFileReference; name = "Foundation.ttf"; path = "../node_modules/react-native-vector-icons/Fonts/Foundation.ttf"; sourceTree = "<group>"; fileEncoding = undefined; lastKnownFileType = unknown; explicitFileType = undefined; includeInIndex = 0; };
		79D4AB57B6D54EAF9B8F02B5 /* Ionicons.ttf */ = {isa = PBXFileReference; name = "Ionicons.ttf"; path = "../node_modules/react-native-vector-icons/Fonts/Ionicons.ttf"; sourceTree = "<group>"; fileEncoding = undefined; lastKnownFileType = unknown; explicitFileType = undefined; includeInIndex = 0; };
		6582225EF6D54F6E9A43F2E3 /* MaterialCommunityIcons.ttf */ = {isa = PBXFileReference; name = "MaterialCommunityIcons.ttf"; path = "../node_modules/react-native-vector-icons/Fonts/MaterialCommunityIcons.ttf"; sourceTree = "<group>"; fileEncoding = undefined; lastKnownFileType = unknown; explicitFileType = undefined; includeInIndex = 0; };
		BFEA7E31F1F146D281AA5239 /* MaterialIcons.ttf */ = {isa = PBXFileReference; name = "MaterialIcons.ttf"; path = "../node_modules/react-native-vector-icons/Fonts/MaterialIcons.ttf"; sourceTree = "<group>"; fileEncoding = undefined; lastKnownFileType = unknown; explicitFileType = undefined; includeInIndex = 0; };
		7568F44C9BDE47A3A27F3342 /* Octicons.ttf */ = {isa = PBXFileReference; name = "Octicons.ttf"; path = "../node_modules/react-native-vector-icons/Fonts/Octicons.ttf"; sourceTree = "<group>"; fileEncoding = undefined; lastKnownFileType = unknown; explicitFileType = undefined; includeInIndex = 0; };
		0AABFDF0967B4711A7903C92 /* SimpleLineIcons.ttf */ = {isa = PBXFileReference; name = "SimpleLineIcons.ttf"; path = "../node_modules/react-native-vector-icons/Fonts/SimpleLineIcons.ttf"; sourceTree = "<group>"; fileEncoding = undefined; lastKnownFileType = unknown; explicitFileType = undefined; includeInIndex = 0; };
		ABFADA80589C47658AFFB405 /* Zocial.ttf */ = {isa = PBXFileReference; name = "Zocial.ttf"; path = "../node_modules/react-native-vector-icons/Fonts/Zocial.ttf"; sourceTree = "<group>"; fileEncoding = undefined; lastKnownFileType = unknown; explicitFileType = undefined; includeInIndex = 0; };
/* End PBXFileReference section */

/* Begin PBXFrameworksBuildPhase section */
		00E356EB1AD99517003FC87E /* Frameworks */ = {
			isa = PBXFrameworksBuildPhase;
			buildActionMask = 2147483647;
			files = (
				7699B88040F8A987B510C191 /* libPods-Rating-RatingTests.a in Frameworks */,
			);
			runOnlyForDeploymentPostprocessing = 0;
		};
		13B07F8C1A680F5B00A75B9A /* Frameworks */ = {
			isa = PBXFrameworksBuildPhase;
			buildActionMask = 2147483647;
			files = (
				0C80B921A6F3F58F76C31292 /* libPods-Rating.a in Frameworks */,
			);
			runOnlyForDeploymentPostprocessing = 0;
		};
/* End PBXFrameworksBuildPhase section */

/* Begin PBXGroup section */
		00E356EF1AD99517003FC87E /* RatingTests */ = {
			isa = PBXGroup;
			children = (
				00E356F21AD99517003FC87E /* RatingTests.m */,
				00E356F01AD99517003FC87E /* Supporting Files */,
			);
			path = RatingTests;
			sourceTree = "<group>";
		};
		00E356F01AD99517003FC87E /* Supporting Files */ = {
			isa = PBXGroup;
			children = (
				00E356F11AD99517003FC87E /* Info.plist */,
			);
			name = "Supporting Files";
			sourceTree = "<group>";
		};
		13B07FAE1A68108700A75B9A /* Rating */ = {
			isa = PBXGroup;
			children = (
				13B07FAF1A68108700A75B9A /* AppDelegate.h */,
				13B07FB01A68108700A75B9A /* AppDelegate.mm */,
				13B07FB51A68108700A75B9A /* Images.xcassets */,
				13B07FB61A68108700A75B9A /* Info.plist */,
				81AB9BB72411601600AC10FF /* LaunchScreen.storyboard */,
				13B07FB71A68108700A75B9A /* main.m */,
			);
			name = Rating;
			sourceTree = "<group>";
		};
		2D16E6871FA4F8E400B85C8A /* Frameworks */ = {
			isa = PBXGroup;
			children = (
				ED297162215061F000B7C4FE /* JavaScriptCore.framework */,
				5DCACB8F33CDC322A6C60F78 /* libPods-Rating.a */,
				19F6CBCC0A4E27FBF8BF4A61 /* libPods-Rating-RatingTests.a */,
			);
			name = Frameworks;
			sourceTree = "<group>";
		};
		832341AE1AAA6A7D00B99B32 /* Libraries */ = {
			isa = PBXGroup;
			children = (
			);
			name = Libraries;
			sourceTree = "<group>";
		};
		83CBB9F61A601CBA00E9B192 = {
			isa = PBXGroup;
			children = (
				13B07FAE1A68108700A75B9A /* Rating */,
				832341AE1AAA6A7D00B99B32 /* Libraries */,
				00E356EF1AD99517003FC87E /* RatingTests */,
				83CBBA001A601CBA00E9B192 /* Products */,
				2D16E6871FA4F8E400B85C8A /* Frameworks */,
				BBD78D7AC51CEA395F1C20DB /* Pods */,
				619479C110424B6B891503B0 /* Resources */,
			);
			indentWidth = 2;
			sourceTree = "<group>";
			tabWidth = 2;
			usesTabs = 0;
		};
		83CBBA001A601CBA00E9B192 /* Products */ = {
			isa = PBXGroup;
			children = (
				13B07F961A680F5B00A75B9A /* Rating.app */,
				00E356EE1AD99517003FC87E /* RatingTests.xctest */,
			);
			name = Products;
			sourceTree = "<group>";
		};
		BBD78D7AC51CEA395F1C20DB /* Pods */ = {
			isa = PBXGroup;
			children = (
				3B4392A12AC88292D35C810B /* Pods-Rating.debug.xcconfig */,
				5709B34CF0A7D63546082F79 /* Pods-Rating.release.xcconfig */,
				5B7EB9410499542E8C5724F5 /* Pods-Rating-RatingTests.debug.xcconfig */,
				89C6BE57DB24E9ADA2F236DE /* Pods-Rating-RatingTests.release.xcconfig */,
			);
			path = Pods;
			sourceTree = "<group>";
		};
		619479C110424B6B891503B0 /* Resources */ = {
			isa = "PBXGroup";
			children = (
				3258397B142E428EBF9BBD8E /* ProductSans-Bold.ttf */,
				A2B6C84F12954A379D5A0CD7 /* ProductSans-BoldItalic.ttf */,
				FDDD12E9B870487A9A110FB2 /* ProductSans-Italic.ttf */,
				FCD065C7C66D43979CCE44F7 /* ProductSans-Regular.ttf */,
				38E6A4F7B5E94803BA1582F2 /* Roboto-Bold.ttf */,
				6D3D9150BF434E53868954AF /* Roboto-BoldItalic.ttf */,
				14E1DB91CB274C5FBE39181A /* Roboto-Italic.ttf */,
				07832165F1E54B4C921A03F7 /* Roboto-Light.ttf */,
				CE86FD18B1BB4730BA4ECA0B /* Roboto-Medium.ttf */,
				37A82730956D4E248229FFB0 /* Roboto-MediumItalic.ttf */,
				A21E20C5DD0D43B78CBFD2CB /* Roboto-Regular.ttf */,
				8D6239DF84524EA18DAB357B /* Roboto-Thin.ttf */,
				7C929EBF0FED426487BB9AD1 /* Roboto-ThinItalic.ttf */,
				2ED1A04AFBA844E28F4934DF /* SFProDisplay-Black.otf */,
				91D6F5B839D641F5BFDA1AE0 /* SFProDisplay-BoldItalic.otf */,
				529C7C4BA2D74E88AF27B5FD /* SFProDisplay-Heavy.otf */,
				204EB02574F5400B8C811C50 /* SFProDisplay-HeavyItalic.otf */,
				AB9CDB3B613D4BEB97E1BF2A /* SFProDisplay-Light.otf */,
				D45DC55DA6C84B17A6568D82 /* SFProDisplay-LightItalic.otf */,
				00D45421F09249E1906EBBA1 /* SFProDisplay-Medium.otf */,
				A60BFA83B31B494EBFF1A367 /* SFProDisplay-MediumItalic.otf */,
				B61725A799374910947B8986 /* SFProDisplay-Regular.otf */,
				A4236F0F470248DE8D1EC2A1 /* SFProDisplay-RegularItalic.otf */,
				D7A14DE44E894F779C1C4B48 /* SFProDisplay-Semibold.otf */,
				319B0B1456AD4E1682C25BB9 /* SFProDisplay-SemiboldItalic.otf */,
				9E0319C18F06438CAD5D1E1D /* SFProDisplay-Thin.otf */,
				3917AA64FCB14637BD8BAF3B /* AntDesign.ttf */,
				2DC07B18FB4B49AD920AF8F7 /* Entypo.ttf */,
				94C4D0F2EE6B450A993D91C2 /* EvilIcons.ttf */,
				7A91DC11695041648F2DADB7 /* Feather.ttf */,
				09D994BC0523410BA7B2A2FF /* FontAwesome.ttf */,
				CAE8C6F908D34C759A83145E /* FontAwesome5_Brands.ttf */,
				51EB515199BF4E77837B51A8 /* FontAwesome5_Regular.ttf */,
				51964C1E261E48E488868694 /* FontAwesome5_Solid.ttf */,
				CC99B1816D0B42F6B9A920B5 /* Fontisto.ttf */,
				BB9A585D8B9E4566BA86554F /* Foundation.ttf */,
				79D4AB57B6D54EAF9B8F02B5 /* Ionicons.ttf */,
				6582225EF6D54F6E9A43F2E3 /* MaterialCommunityIcons.ttf */,
				BFEA7E31F1F146D281AA5239 /* MaterialIcons.ttf */,
				7568F44C9BDE47A3A27F3342 /* Octicons.ttf */,
				0AABFDF0967B4711A7903C92 /* SimpleLineIcons.ttf */,
				ABFADA80589C47658AFFB405 /* Zocial.ttf */,
			);
			name = Resources;
			sourceTree = "<group>";
			path = "";
		};
/* End PBXGroup section */

/* Begin PBXNativeTarget section */
		00E356ED1AD99517003FC87E /* RatingTests */ = {
			isa = PBXNativeTarget;
			buildConfigurationList = 00E357021AD99517003FC87E /* Build configuration list for PBXNativeTarget "RatingTests" */;
			buildPhases = (
				A55EABD7B0C7F3A422A6CC61 /* [CP] Check Pods Manifest.lock */,
				00E356EA1AD99517003FC87E /* Sources */,
				00E356EB1AD99517003FC87E /* Frameworks */,
				00E356EC1AD99517003FC87E /* Resources */,
				C59DA0FBD6956966B86A3779 /* [CP] Embed Pods Frameworks */,
				F6A41C54EA430FDDC6A6ED99 /* [CP] Copy Pods Resources */,
			);
			buildRules = (
			);
			dependencies = (
				00E356F51AD99517003FC87E /* PBXTargetDependency */,
			);
			name = RatingTests;
			productName = RatingTests;
			productReference = 00E356EE1AD99517003FC87E /* RatingTests.xctest */;
			productType = "com.apple.product-type.bundle.unit-test";
		};
		13B07F861A680F5B00A75B9A /* Rating */ = {
			isa = PBXNativeTarget;
			buildConfigurationList = 13B07F931A680F5B00A75B9A /* Build configuration list for PBXNativeTarget "Rating" */;
			buildPhases = (
				C38B50BA6285516D6DCD4F65 /* [CP] Check Pods Manifest.lock */,
				FD10A7F022414F080027D42C /* Start Packager */,
				13B07F871A680F5B00A75B9A /* Sources */,
				13B07F8C1A680F5B00A75B9A /* Frameworks */,
				13B07F8E1A680F5B00A75B9A /* Resources */,
				00DD1BFF1BD5951E006B06BC /* Bundle React Native code and images */,
				00EEFC60759A1932668264C0 /* [CP] Embed Pods Frameworks */,
				E235C05ADACE081382539298 /* [CP] Copy Pods Resources */,
			);
			buildRules = (
			);
			dependencies = (
			);
			name = Rating;
			productName = Rating;
			productReference = 13B07F961A680F5B00A75B9A /* Rating.app */;
			productType = "com.apple.product-type.application";
		};
/* End PBXNativeTarget section */

/* Begin PBXProject section */
		83CBB9F71A601CBA00E9B192 /* Project object */ = {
			isa = PBXProject;
			attributes = {
				LastUpgradeCheck = 1210;
				TargetAttributes = {
					00E356ED1AD99517003FC87E = {
						CreatedOnToolsVersion = 6.2;
						TestTargetID = 13B07F861A680F5B00A75B9A;
					};
					13B07F861A680F5B00A75B9A = {
						LastSwiftMigration = 1120;
					};
				};
			};
			buildConfigurationList = 83CBB9FA1A601CBA00E9B192 /* Build configuration list for PBXProject "Rating" */;
			compatibilityVersion = "Xcode 12.0";
			developmentRegion = en;
			hasScannedForEncodings = 0;
			knownRegions = (
				en,
				Base,
			);
			mainGroup = 83CBB9F61A601CBA00E9B192;
			productRefGroup = 83CBBA001A601CBA00E9B192 /* Products */;
			projectDirPath = "";
			projectRoot = "";
			targets = (
				13B07F861A680F5B00A75B9A /* Rating */,
				00E356ED1AD99517003FC87E /* RatingTests */,
			);
		};
/* End PBXProject section */

/* Begin PBXResourcesBuildPhase section */
		00E356EC1AD99517003FC87E /* Resources */ = {
			isa = PBXResourcesBuildPhase;
			buildActionMask = 2147483647;
			files = (
			);
			runOnlyForDeploymentPostprocessing = 0;
		};
		13B07F8E1A680F5B00A75B9A /* Resources */ = {
			isa = PBXResourcesBuildPhase;
			buildActionMask = 2147483647;
			files = (
				81AB9BB82411601600AC10FF /* LaunchScreen.storyboard in Resources */,
				13B07FBF1A68108700A75B9A /* Images.xcassets in Resources */,
				5F5907BCF4814D95A249366C /* ProductSans-Bold.ttf in Resources */,
				0C4A311143B64249B5705D13 /* ProductSans-BoldItalic.ttf in Resources */,
				DD9A46E4908942C1855E69FD /* ProductSans-Italic.ttf in Resources */,
				D7D56DB389114C27B59D2D73 /* ProductSans-Regular.ttf in Resources */,
				431B8DC14BE5407A991FE6DA /* Roboto-Bold.ttf in Resources */,
				EF8E8AF13B5F4AF69C33AB89 /* Roboto-BoldItalic.ttf in Resources */,
				89BEF794659248439125EA0B /* Roboto-Italic.ttf in Resources */,
				C9EC5257DF864313ABC88F63 /* Roboto-Light.ttf in Resources */,
				7973B8ACAF1E4544BE9B4CD9 /* Roboto-Medium.ttf in Resources */,
				7F8FF47A0B244DCD8E1DFF31 /* Roboto-MediumItalic.ttf in Resources */,
				5E451B74BE9D40E69AE9D64E /* Roboto-Regular.ttf in Resources */,
				13D18BAFBE9840CCA1BA4CA3 /* Roboto-Thin.ttf in Resources */,
				564DBF0FE00A4E019113A0A5 /* Roboto-ThinItalic.ttf in Resources */,
				C2128373E81648D3A1DFF19B /* SFProDisplay-Black.otf in Resources */,
				CB946E9227FE4D8B954B5136 /* SFProDisplay-BoldItalic.otf in Resources */,
				850BC5689B29406FBB9545B1 /* SFProDisplay-Heavy.otf in Resources */,
				3E3908FDBAC74F5E9A9BC558 /* SFProDisplay-HeavyItalic.otf in Resources */,
				6C6CACF1FF424D06AA0FA510 /* SFProDisplay-Light.otf in Resources */,
				018D19130C80413DA1A887C2 /* SFProDisplay-LightItalic.otf in Resources */,
				63CC6C1C25AD4A7183F754D8 /* SFProDisplay-Medium.otf in Resources */,
				F5BF5FD8DEF6424BB5A631CB /* SFProDisplay-MediumItalic.otf in Resources */,
				352DF7D9C28841C68292E7D1 /* SFProDisplay-Regular.otf in Resources */,
				1DD7A16E08EF45B8B62FAFDE /* SFProDisplay-RegularItalic.otf in Resources */,
				20B9AFB6D6304E849BCE1790 /* SFProDisplay-Semibold.otf in Resources */,
				093A76368C8E449CAC8C1D3A /* SFProDisplay-SemiboldItalic.otf in Resources */,
				B47113EA13D64F8CA07C2416 /* SFProDisplay-Thin.otf in Resources */,
				12FB5CAB293748ECA2FCEE9A /* AntDesign.ttf in Resources */,
				F8C63E9869AB4BC0BB604A96 /* Entypo.ttf in Resources */,
				D60E14601C9D46368E713ABA /* EvilIcons.ttf in Resources */,
				4E0C48FAF81F439DAE96305B /* Feather.ttf in Resources */,
				56D75EAC849F448DB8B316C0 /* FontAwesome.ttf in Resources */,
				6B0AB18CB9D542658A7A4C4D /* FontAwesome5_Brands.ttf in Resources */,
				33092E8FF5C24F8C95BD5CFF /* FontAwesome5_Regular.ttf in Resources */,
				44896B452691459D8F2643EC /* FontAwesome5_Solid.ttf in Resources */,
				D3F3644FE6CA426C96878EEF /* Fontisto.ttf in Resources */,
				03746E6701414927871BD48D /* Foundation.ttf in Resources */,
				44132641DB354BE3B04A2136 /* Ionicons.ttf in Resources */,
				F4509D09EF794BF4A8A682DC /* MaterialCommunityIcons.ttf in Resources */,
				72E00575B8574DB4B30A2559 /* MaterialIcons.ttf in Resources */,
				C4D1ADDC0FC04DC8A5900F49 /* Octicons.ttf in Resources */,
				6E93E4C96BC94481907B252F /* SimpleLineIcons.ttf in Resources */,
				CADC68B2327240F7B41A62C3 /* Zocial.ttf in Resources */,
			);
			runOnlyForDeploymentPostprocessing = 0;
		};
/* End PBXResourcesBuildPhase section */

/* Begin PBXShellScriptBuildPhase section */
		00DD1BFF1BD5951E006B06BC /* Bundle React Native code and images */ = {
			isa = PBXShellScriptBuildPhase;
			buildActionMask = 2147483647;
			files = (
			);
			inputPaths = (
			);
			name = "Bundle React Native code and images";
			outputPaths = (
			);
			runOnlyForDeploymentPostprocessing = 0;
			shellPath = /bin/sh;
			shellScript = "set -e\n\nexport NODE_BINARY=node\n../node_modules/react-native/scripts/react-native-xcode.sh\n";
		};
		00EEFC60759A1932668264C0 /* [CP] Embed Pods Frameworks */ = {
			isa = PBXShellScriptBuildPhase;
			buildActionMask = 2147483647;
			files = (
			);
			inputFileListPaths = (
				"${PODS_ROOT}/Target Support Files/Pods-Rating/Pods-Rating-frameworks-${CONFIGURATION}-input-files.xcfilelist",
			);
			name = "[CP] Embed Pods Frameworks";
			outputFileListPaths = (
				"${PODS_ROOT}/Target Support Files/Pods-Rating/Pods-Rating-frameworks-${CONFIGURATION}-output-files.xcfilelist",
			);
			runOnlyForDeploymentPostprocessing = 0;
			shellPath = /bin/sh;
			shellScript = "\"${PODS_ROOT}/Target Support Files/Pods-Rating/Pods-Rating-frameworks.sh\"\n";
			showEnvVarsInLog = 0;
		};
		A55EABD7B0C7F3A422A6CC61 /* [CP] Check Pods Manifest.lock */ = {
			isa = PBXShellScriptBuildPhase;
			buildActionMask = 2147483647;
			files = (
			);
			inputFileListPaths = (
			);
			inputPaths = (
				"${PODS_PODFILE_DIR_PATH}/Podfile.lock",
				"${PODS_ROOT}/Manifest.lock",
			);
			name = "[CP] Check Pods Manifest.lock";
			outputFileListPaths = (
			);
			outputPaths = (
				"$(DERIVED_FILE_DIR)/Pods-Rating-RatingTests-checkManifestLockResult.txt",
			);
			runOnlyForDeploymentPostprocessing = 0;
			shellPath = /bin/sh;
			shellScript = "diff \"${PODS_PODFILE_DIR_PATH}/Podfile.lock\" \"${PODS_ROOT}/Manifest.lock\" > /dev/null\nif [ $? != 0 ] ; then\n    # print error to STDERR\n    echo \"error: The sandbox is not in sync with the Podfile.lock. Run 'pod install' or update your CocoaPods installation.\" >&2\n    exit 1\nfi\n# This output is used by Xcode 'outputs' to avoid re-running this script phase.\necho \"SUCCESS\" > \"${SCRIPT_OUTPUT_FILE_0}\"\n";
			showEnvVarsInLog = 0;
		};
		C38B50BA6285516D6DCD4F65 /* [CP] Check Pods Manifest.lock */ = {
			isa = PBXShellScriptBuildPhase;
			buildActionMask = 2147483647;
			files = (
			);
			inputFileListPaths = (
			);
			inputPaths = (
				"${PODS_PODFILE_DIR_PATH}/Podfile.lock",
				"${PODS_ROOT}/Manifest.lock",
			);
			name = "[CP] Check Pods Manifest.lock";
			outputFileListPaths = (
			);
			outputPaths = (
				"$(DERIVED_FILE_DIR)/Pods-Rating-checkManifestLockResult.txt",
			);
			runOnlyForDeploymentPostprocessing = 0;
			shellPath = /bin/sh;
			shellScript = "diff \"${PODS_PODFILE_DIR_PATH}/Podfile.lock\" \"${PODS_ROOT}/Manifest.lock\" > /dev/null\nif [ $? != 0 ] ; then\n    # print error to STDERR\n    echo \"error: The sandbox is not in sync with the Podfile.lock. Run 'pod install' or update your CocoaPods installation.\" >&2\n    exit 1\nfi\n# This output is used by Xcode 'outputs' to avoid re-running this script phase.\necho \"SUCCESS\" > \"${SCRIPT_OUTPUT_FILE_0}\"\n";
			showEnvVarsInLog = 0;
		};
		C59DA0FBD6956966B86A3779 /* [CP] Embed Pods Frameworks */ = {
			isa = PBXShellScriptBuildPhase;
			buildActionMask = 2147483647;
			files = (
			);
			inputFileListPaths = (
				"${PODS_ROOT}/Target Support Files/Pods-Rating-RatingTests/Pods-Rating-RatingTests-frameworks-${CONFIGURATION}-input-files.xcfilelist",
			);
			name = "[CP] Embed Pods Frameworks";
			outputFileListPaths = (
				"${PODS_ROOT}/Target Support Files/Pods-Rating-RatingTests/Pods-Rating-RatingTests-frameworks-${CONFIGURATION}-output-files.xcfilelist",
			);
			runOnlyForDeploymentPostprocessing = 0;
			shellPath = /bin/sh;
			shellScript = "\"${PODS_ROOT}/Target Support Files/Pods-Rating-RatingTests/Pods-Rating-RatingTests-frameworks.sh\"\n";
			showEnvVarsInLog = 0;
		};
		E235C05ADACE081382539298 /* [CP] Copy Pods Resources */ = {
			isa = PBXShellScriptBuildPhase;
			buildActionMask = 2147483647;
			files = (
			);
			inputFileListPaths = (
				"${PODS_ROOT}/Target Support Files/Pods-Rating/Pods-Rating-resources-${CONFIGURATION}-input-files.xcfilelist",
			);
			name = "[CP] Copy Pods Resources";
			outputFileListPaths = (
				"${PODS_ROOT}/Target Support Files/Pods-Rating/Pods-Rating-resources-${CONFIGURATION}-output-files.xcfilelist",
			);
			runOnlyForDeploymentPostprocessing = 0;
			shellPath = /bin/sh;
			shellScript = "\"${PODS_ROOT}/Target Support Files/Pods-Rating/Pods-Rating-resources.sh\"\n";
			showEnvVarsInLog = 0;
		};
		F6A41C54EA430FDDC6A6ED99 /* [CP] Copy Pods Resources */ = {
			isa = PBXShellScriptBuildPhase;
			buildActionMask = 2147483647;
			files = (
			);
			inputFileListPaths = (
				"${PODS_ROOT}/Target Support Files/Pods-Rating-RatingTests/Pods-Rating-RatingTests-resources-${CONFIGURATION}-input-files.xcfilelist",
			);
			name = "[CP] Copy Pods Resources";
			outputFileListPaths = (
				"${PODS_ROOT}/Target Support Files/Pods-Rating-RatingTests/Pods-Rating-RatingTests-resources-${CONFIGURATION}-output-files.xcfilelist",
			);
			runOnlyForDeploymentPostprocessing = 0;
			shellPath = /bin/sh;
			shellScript = "\"${PODS_ROOT}/Target Support Files/Pods-Rating-RatingTests/Pods-Rating-RatingTests-resources.sh\"\n";
			showEnvVarsInLog = 0;
		};
		FD10A7F022414F080027D42C /* Start Packager */ = {
			isa = PBXShellScriptBuildPhase;
			buildActionMask = 2147483647;
			files = (
			);
			inputFileListPaths = (
			);
			inputPaths = (
			);
			name = "Start Packager";
			outputFileListPaths = (
			);
			outputPaths = (
			);
			runOnlyForDeploymentPostprocessing = 0;
			shellPath = /bin/sh;
			shellScript = "export RCT_METRO_PORT=\"${RCT_METRO_PORT:=8081}\"\necho \"export RCT_METRO_PORT=${RCT_METRO_PORT}\" > \"${SRCROOT}/../node_modules/react-native/scripts/.packager.env\"\nif [ -z \"${RCT_NO_LAUNCH_PACKAGER+xxx}\" ] ; then\n  if nc -w 5 -z localhost ${RCT_METRO_PORT} ; then\n    if ! curl -s \"http://localhost:${RCT_METRO_PORT}/status\" | grep -q \"packager-status:running\" ; then\n      echo \"Port ${RCT_METRO_PORT} already in use, packager is either not running or not running correctly\"\n      exit 2\n    fi\n  else\n    open \"$SRCROOT/../node_modules/react-native/scripts/launchPackager.command\" || echo \"Can't start packager automatically\"\n  fi\nfi\n";
			showEnvVarsInLog = 0;
		};
/* End PBXShellScriptBuildPhase section */

/* Begin PBXSourcesBuildPhase section */
		00E356EA1AD99517003FC87E /* Sources */ = {
			isa = PBXSourcesBuildPhase;
			buildActionMask = 2147483647;
			files = (
				00E356F31AD99517003FC87E /* RatingTests.m in Sources */,
			);
			runOnlyForDeploymentPostprocessing = 0;
		};
		13B07F871A680F5B00A75B9A /* Sources */ = {
			isa = PBXSourcesBuildPhase;
			buildActionMask = 2147483647;
			files = (
				13B07FBC1A68108700A75B9A /* AppDelegate.mm in Sources */,
				13B07FC11A68108700A75B9A /* main.m in Sources */,
			);
			runOnlyForDeploymentPostprocessing = 0;
		};
/* End PBXSourcesBuildPhase section */

/* Begin PBXTargetDependency section */
		00E356F51AD99517003FC87E /* PBXTargetDependency */ = {
			isa = PBXTargetDependency;
			target = 13B07F861A680F5B00A75B9A /* Rating */;
			targetProxy = 00E356F41AD99517003FC87E /* PBXContainerItemProxy */;
		};
/* End PBXTargetDependency section */

/* Begin XCBuildConfiguration section */
		00E356F61AD99517003FC87E /* Debug */ = {
			isa = XCBuildConfiguration;
			baseConfigurationReference = 5B7EB9410499542E8C5724F5 /* Pods-Rating-RatingTests.debug.xcconfig */;
			buildSettings = {
				BUNDLE_LOADER = "$(TEST_HOST)";
				GCC_PREPROCESSOR_DEFINITIONS = (
					"DEBUG=1",
					"$(inherited)",
				);
				INFOPLIST_FILE = RatingTests/Info.plist;
				IPHONEOS_DEPLOYMENT_TARGET = 11.0;
				LD_RUNPATH_SEARCH_PATHS = (
					"$(inherited)",
					"@executable_path/Frameworks",
					"@loader_path/Frameworks",
				);
				OTHER_LDFLAGS = (
					"-ObjC",
					"-lc++",
					"$(inherited)",
				);
				PRODUCT_BUNDLE_IDENTIFIER = "org.reactjs.native.example.$(PRODUCT_NAME:rfc1034identifier)";
				PRODUCT_NAME = "$(TARGET_NAME)";
				TEST_HOST = "$(BUILT_PRODUCTS_DIR)/Rating.app/Rating";
			};
			name = Debug;
		};
		00E356F71AD99517003FC87E /* Release */ = {
			isa = XCBuildConfiguration;
			baseConfigurationReference = 89C6BE57DB24E9ADA2F236DE /* Pods-Rating-RatingTests.release.xcconfig */;
			buildSettings = {
				BUNDLE_LOADER = "$(TEST_HOST)";
				COPY_PHASE_STRIP = NO;
				INFOPLIST_FILE = RatingTests/Info.plist;
				IPHONEOS_DEPLOYMENT_TARGET = 11.0;
				LD_RUNPATH_SEARCH_PATHS = (
					"$(inherited)",
					"@executable_path/Frameworks",
					"@loader_path/Frameworks",
				);
				OTHER_LDFLAGS = (
					"-ObjC",
					"-lc++",
					"$(inherited)",
				);
				PRODUCT_BUNDLE_IDENTIFIER = "org.reactjs.native.example.$(PRODUCT_NAME:rfc1034identifier)";
				PRODUCT_NAME = "$(TARGET_NAME)";
				TEST_HOST = "$(BUILT_PRODUCTS_DIR)/Rating.app/Rating";
			};
			name = Release;
		};
		13B07F941A680F5B00A75B9A /* Debug */ = {
			isa = XCBuildConfiguration;
			baseConfigurationReference = 3B4392A12AC88292D35C810B /* Pods-Rating.debug.xcconfig */;
			buildSettings = {
				ASSETCATALOG_COMPILER_APPICON_NAME = AppIcon;
				CLANG_ENABLE_MODULES = YES;
				CURRENT_PROJECT_VERSION = 1;
				ENABLE_BITCODE = NO;
				INFOPLIST_FILE = Rating/Info.plist;
				LD_RUNPATH_SEARCH_PATHS = (
					"$(inherited)",
					"@executable_path/Frameworks",
				);
				OTHER_LDFLAGS = (
					"$(inherited)",
					"-ObjC",
					"-lc++",
				);
				PRODUCT_BUNDLE_IDENTIFIER = "org.reactjs.native.example.$(PRODUCT_NAME:rfc1034identifier)";
				PRODUCT_NAME = Rating;
				SWIFT_OPTIMIZATION_LEVEL = "-Onone";
				SWIFT_VERSION = 5.0;
				VERSIONING_SYSTEM = "apple-generic";
			};
			name = Debug;
		};
		13B07F951A680F5B00A75B9A /* Release */ = {
			isa = XCBuildConfiguration;
			baseConfigurationReference = 5709B34CF0A7D63546082F79 /* Pods-Rating.release.xcconfig */;
			buildSettings = {
				ASSETCATALOG_COMPILER_APPICON_NAME = AppIcon;
				CLANG_ENABLE_MODULES = YES;
				CURRENT_PROJECT_VERSION = 1;
				INFOPLIST_FILE = Rating/Info.plist;
				LD_RUNPATH_SEARCH_PATHS = (
					"$(inherited)",
					"@executable_path/Frameworks",
				);
				OTHER_LDFLAGS = (
					"$(inherited)",
					"-ObjC",
					"-lc++",
				);
				PRODUCT_BUNDLE_IDENTIFIER = "org.reactjs.native.example.$(PRODUCT_NAME:rfc1034identifier)";
				PRODUCT_NAME = Rating;
				SWIFT_VERSION = 5.0;
				VERSIONING_SYSTEM = "apple-generic";
			};
			name = Release;
		};
		83CBBA201A601CBA00E9B192 /* Debug */ = {
			isa = XCBuildConfiguration;
			buildSettings = {
				ALWAYS_SEARCH_USER_PATHS = NO;
				CLANG_ANALYZER_LOCALIZABILITY_NONLOCALIZED = YES;
				CLANG_CXX_LANGUAGE_STANDARD = "c++17";
				CLANG_CXX_LIBRARY = "libc++";
				CLANG_ENABLE_MODULES = YES;
				CLANG_ENABLE_OBJC_ARC = YES;
				CLANG_WARN_BLOCK_CAPTURE_AUTORELEASING = YES;
				CLANG_WARN_BOOL_CONVERSION = YES;
				CLANG_WARN_COMMA = YES;
				CLANG_WARN_CONSTANT_CONVERSION = YES;
				CLANG_WARN_DEPRECATED_OBJC_IMPLEMENTATIONS = YES;
				CLANG_WARN_DIRECT_OBJC_ISA_USAGE = YES_ERROR;
				CLANG_WARN_EMPTY_BODY = YES;
				CLANG_WARN_ENUM_CONVERSION = YES;
				CLANG_WARN_INFINITE_RECURSION = YES;
				CLANG_WARN_INT_CONVERSION = YES;
				CLANG_WARN_NON_LITERAL_NULL_CONVERSION = YES;
				CLANG_WARN_OBJC_IMPLICIT_RETAIN_SELF = YES;
				CLANG_WARN_OBJC_LITERAL_CONVERSION = YES;
				CLANG_WARN_OBJC_ROOT_CLASS = YES_ERROR;
				CLANG_WARN_QUOTED_INCLUDE_IN_FRAMEWORK_HEADER = YES;
				CLANG_WARN_RANGE_LOOP_ANALYSIS = YES;
				CLANG_WARN_STRICT_PROTOTYPES = YES;
				CLANG_WARN_SUSPICIOUS_MOVE = YES;
				CLANG_WARN_UNREACHABLE_CODE = YES;
				CLANG_WARN__DUPLICATE_METHOD_MATCH = YES;
				"CODE_SIGN_IDENTITY[sdk=iphoneos*]" = "iPhone Developer";
				COPY_PHASE_STRIP = NO;
				ENABLE_STRICT_OBJC_MSGSEND = YES;
				ENABLE_TESTABILITY = YES;
				"EXCLUDED_ARCHS[sdk=iphonesimulator*]" = "";
				GCC_C_LANGUAGE_STANDARD = gnu99;
				GCC_DYNAMIC_NO_PIC = NO;
				GCC_NO_COMMON_BLOCKS = YES;
				GCC_OPTIMIZATION_LEVEL = 0;
				GCC_PREPROCESSOR_DEFINITIONS = (
					"DEBUG=1",
					"$(inherited)",
				);
				GCC_SYMBOLS_PRIVATE_EXTERN = NO;
				GCC_WARN_64_TO_32_BIT_CONVERSION = YES;
				GCC_WARN_ABOUT_RETURN_TYPE = YES_ERROR;
				GCC_WARN_UNDECLARED_SELECTOR = YES;
				GCC_WARN_UNINITIALIZED_AUTOS = YES_AGGRESSIVE;
				GCC_WARN_UNUSED_FUNCTION = YES;
				GCC_WARN_UNUSED_VARIABLE = YES;
				IPHONEOS_DEPLOYMENT_TARGET = 11.0;
				LD_RUNPATH_SEARCH_PATHS = (
					/usr/lib/swift,
					"$(inherited)",
				);
				LIBRARY_SEARCH_PATHS = (
					"\"$(SDKROOT)/usr/lib/swift\"",
					"\"$(TOOLCHAIN_DIR)/usr/lib/swift/$(PLATFORM_NAME)\"",
					"\"$(inherited)\"",
				);
				MTL_ENABLE_DEBUG_INFO = YES;
				ONLY_ACTIVE_ARCH = YES;
				OTHER_CPLUSPLUSFLAGS = (
					"$(OTHER_CFLAGS)",
					"-DFOLLY_NO_CONFIG",
					"-DFOLLY_MOBILE=1",
					"-DFOLLY_USE_LIBCPP=1",
				);
				SDKROOT = iphoneos;
			};
			name = Debug;
		};
		83CBBA211A601CBA00E9B192 /* Release */ = {
			isa = XCBuildConfiguration;
			buildSettings = {
				ALWAYS_SEARCH_USER_PATHS = NO;
				CLANG_ANALYZER_LOCALIZABILITY_NONLOCALIZED = YES;
				CLANG_CXX_LANGUAGE_STANDARD = "c++17";
				CLANG_CXX_LIBRARY = "libc++";
				CLANG_ENABLE_MODULES = YES;
				CLANG_ENABLE_OBJC_ARC = YES;
				CLANG_WARN_BLOCK_CAPTURE_AUTORELEASING = YES;
				CLANG_WARN_BOOL_CONVERSION = YES;
				CLANG_WARN_COMMA = YES;
				CLANG_WARN_CONSTANT_CONVERSION = YES;
				CLANG_WARN_DEPRECATED_OBJC_IMPLEMENTATIONS = YES;
				CLANG_WARN_DIRECT_OBJC_ISA_USAGE = YES_ERROR;
				CLANG_WARN_EMPTY_BODY = YES;
				CLANG_WARN_ENUM_CONVERSION = YES;
				CLANG_WARN_INFINITE_RECURSION = YES;
				CLANG_WARN_INT_CONVERSION = YES;
				CLANG_WARN_NON_LITERAL_NULL_CONVERSION = YES;
				CLANG_WARN_OBJC_IMPLICIT_RETAIN_SELF = YES;
				CLANG_WARN_OBJC_LITERAL_CONVERSION = YES;
				CLANG_WARN_OBJC_ROOT_CLASS = YES_ERROR;
				CLANG_WARN_QUOTED_INCLUDE_IN_FRAMEWORK_HEADER = YES;
				CLANG_WARN_RANGE_LOOP_ANALYSIS = YES;
				CLANG_WARN_STRICT_PROTOTYPES = YES;
				CLANG_WARN_SUSPICIOUS_MOVE = YES;
				CLANG_WARN_UNREACHABLE_CODE = YES;
				CLANG_WARN__DUPLICATE_METHOD_MATCH = YES;
				"CODE_SIGN_IDENTITY[sdk=iphoneos*]" = "iPhone Developer";
				COPY_PHASE_STRIP = YES;
				ENABLE_NS_ASSERTIONS = NO;
				ENABLE_STRICT_OBJC_MSGSEND = YES;
				"EXCLUDED_ARCHS[sdk=iphonesimulator*]" = "";
				GCC_C_LANGUAGE_STANDARD = gnu99;
				GCC_NO_COMMON_BLOCKS = YES;
				GCC_WARN_64_TO_32_BIT_CONVERSION = YES;
				GCC_WARN_ABOUT_RETURN_TYPE = YES_ERROR;
				GCC_WARN_UNDECLARED_SELECTOR = YES;
				GCC_WARN_UNINITIALIZED_AUTOS = YES_AGGRESSIVE;
				GCC_WARN_UNUSED_FUNCTION = YES;
				GCC_WARN_UNUSED_VARIABLE = YES;
				IPHONEOS_DEPLOYMENT_TARGET = 11.0;
				LD_RUNPATH_SEARCH_PATHS = (
					/usr/lib/swift,
					"$(inherited)",
				);
				LIBRARY_SEARCH_PATHS = (
					"\"$(SDKROOT)/usr/lib/swift\"",
					"\"$(TOOLCHAIN_DIR)/usr/lib/swift/$(PLATFORM_NAME)\"",
					"\"$(inherited)\"",
				);
				MTL_ENABLE_DEBUG_INFO = NO;
				OTHER_CPLUSPLUSFLAGS = (
					"$(OTHER_CFLAGS)",
					"-DFOLLY_NO_CONFIG",
					"-DFOLLY_MOBILE=1",
					"-DFOLLY_USE_LIBCPP=1",
				);
				SDKROOT = iphoneos;
				VALIDATE_PRODUCT = YES;
			};
			name = Release;
		};
/* End XCBuildConfiguration section */

/* Begin XCConfigurationList section */
		00E357021AD99517003FC87E /* Build configuration list for PBXNativeTarget "RatingTests" */ = {
			isa = XCConfigurationList;
			buildConfigurations = (
				00E356F61AD99517003FC87E /* Debug */,
				00E356F71AD99517003FC87E /* Release */,
			);
			defaultConfigurationIsVisible = 0;
			defaultConfigurationName = Release;
		};
		13B07F931A680F5B00A75B9A /* Build configuration list for PBXNativeTarget "Rating" */ = {
			isa = XCConfigurationList;
			buildConfigurations = (
				13B07F941A680F5B00A75B9A /* Debug */,
				13B07F951A680F5B00A75B9A /* Release */,
			);
			defaultConfigurationIsVisible = 0;
			defaultConfigurationName = Release;
		};
		83CBB9FA1A601CBA00E9B192 /* Build configuration list for PBXProject "Rating" */ = {
			isa = XCConfigurationList;
			buildConfigurations = (
				83CBBA201A601CBA00E9B192 /* Debug */,
				83CBBA211A601CBA00E9B192 /* Release */,
			);
			defaultConfigurationIsVisible = 0;
			defaultConfigurationName = Release;
		};
/* End XCConfigurationList section */
	};
	rootObject = 83CBB9F71A601CBA00E9B192 /* Project object */;
}
